
Microsoft Visual Studio Solution File, Format Version 12.00
# Visual Studio Version 16
VisualStudioVersion = 16.0.30804.86
MinimumVisualStudioVersion = 10.0.40219.1
Project("{FAE04EC0-301F-11D3-BF4B-00C04F79EFBC}") = "WebApi.Carros", "src\WebApi.Carros\WebApi.Carros.csproj", "{889D45F0-FAFD-4321-ABC2-965C7AC9EC8C}"
EndProject
Project("{FAE04EC0-301F-11D3-BF4B-00C04F79EFBC}") = "Negocios.Carros", "src\Negocios.Carros\Negocios.Carros.csproj", "{9CC69DEC-2124-4633-9F5C-A1007582F237}"
EndProject
Project("{FAE04EC0-301F-11D3-BF4B-00C04F79EFBC}") = "Data.Carros", "Data\Data.Carros.csproj", "{F90CEB1C-E0E4-450B-AD17-79B00FB96874}"
EndProject
Global
	GlobalSection(SolutionConfigurationPlatforms) = preSolution
		Debug|Any CPU = Debug|Any CPU
		Release|Any CPU = Release|Any CPU
	EndGlobalSection
	GlobalSection(ProjectConfigurationPlatforms) = postSolution
		{889D45F0-FAFD-4321-ABC2-965C7AC9EC8C}.Debug|Any CPU.ActiveCfg = Debug|Any CPU
		{889D45F0-FAFD-4321-ABC2-965C7AC9EC8C}.Debug|Any CPU.Build.0 = Debug|Any CPU
		{889D45F0-FAFD-4321-ABC2-965C7AC9EC8C}.Release|Any CPU.ActiveCfg = Release|Any CPU
		{889D45F0-FAFD-4321-ABC2-965C7AC9EC8C}.Release|Any CPU.Build.0 = Release|Any CPU
		{9CC69DEC-2124-4633-9F5C-A1007582F237}.Debug|Any CPU.ActiveCfg = Debug|Any CPU
		{9CC69DEC-2124-4633-9F5C-A1007582F237}.Debug|Any CPU.Build.0 = Debug|Any CPU
		{9CC69DEC-2124-4633-9F5C-A1007582F237}.Release|Any CPU.ActiveCfg = Release|Any CPU
		{9CC69DEC-2124-4633-9F5C-A1007582F237}.Release|Any CPU.Build.0 = Release|Any CPU
		{F90CEB1C-E0E4-450B-AD17-79B00FB96874}.Debug|Any CPU.ActiveCfg = Debug|Any CPU
		{F90CEB1C-E0E4-450B-AD17-79B00FB96874}.Debug|Any CPU.Build.0 = Debug|Any CPU
		{F90CEB1C-E0E4-450B-AD17-79B00FB96874}.Release|Any CPU.ActiveCfg = Release|Any CPU
		{F90CEB1C-E0E4-450B-AD17-79B00FB96874}.Release|Any CPU.Build.0 = Release|Any CPU
	EndGlobalSection
	GlobalSection(SolutionProperties) = preSolution
		HideSolutionNode = FALSE
	EndGlobalSection
	GlobalSection(ExtensibilityGlobals) = postSolution
		SolutionGuid = {C2453E1A-801C-4595-A84E-75A1A98C378F}
	EndGlobalSection
EndGlobal
