
Microsoft Visual Studio Solution File, Format Version 12.00
# Visual Studio Version 16
VisualStudioVersion = 16.0.30804.86
MinimumVisualStudioVersion = 10.0.40219.1
Project("{9A19103F-16F7-4668-BE54-9A1E7A4F7556}") = "WebApi.Cars", "src\WebApi.Cars\WebApi.Cars.csproj", "{9E59E407-D701-4E0C-A601-11B842128FD7}"
EndProject
Project("{9A19103F-16F7-4668-BE54-9A1E7A4F7556}") = "Data.Cars", "src\Data.Cars\Data.Cars.csproj", "{76418A78-A065-4583-9CC5-CA82F45CCF37}"
EndProject
Project("{9A19103F-16F7-4668-BE54-9A1E7A4F7556}") = "Business.Cars", "src\Business.Cars\Business.Cars.csproj", "{4BA69C99-C00F-425D-ABD2-A5734B800442}"
EndProject
Global
	GlobalSection(SolutionConfigurationPlatforms) = preSolution
		Debug|Any CPU = Debug|Any CPU
		Release|Any CPU = Release|Any CPU
	EndGlobalSection
	GlobalSection(ProjectConfigurationPlatforms) = postSolution
		{9E59E407-D701-4E0C-A601-11B842128FD7}.Debug|Any CPU.ActiveCfg = Debug|Any CPU
		{9E59E407-D701-4E0C-A601-11B842128FD7}.Debug|Any CPU.Build.0 = Debug|Any CPU
		{9E59E407-D701-4E0C-A601-11B842128FD7}.Release|Any CPU.ActiveCfg = Release|Any CPU
		{9E59E407-D701-4E0C-A601-11B842128FD7}.Release|Any CPU.Build.0 = Release|Any CPU
		{76418A78-A065-4583-9CC5-CA82F45CCF37}.Debug|Any CPU.ActiveCfg = Debug|Any CPU
		{76418A78-A065-4583-9CC5-CA82F45CCF37}.Debug|Any CPU.Build.0 = Debug|Any CPU
		{76418A78-A065-4583-9CC5-CA82F45CCF37}.Release|Any CPU.ActiveCfg = Release|Any CPU
		{76418A78-A065-4583-9CC5-CA82F45CCF37}.Release|Any CPU.Build.0 = Release|Any CPU
		{4BA69C99-C00F-425D-ABD2-A5734B800442}.Debug|Any CPU.ActiveCfg = Debug|Any CPU
		{4BA69C99-C00F-425D-ABD2-A5734B800442}.Debug|Any CPU.Build.0 = Debug|Any CPU
		{4BA69C99-C00F-425D-ABD2-A5734B800442}.Release|Any CPU.ActiveCfg = Release|Any CPU
		{4BA69C99-C00F-425D-ABD2-A5734B800442}.Release|Any CPU.Build.0 = Release|Any CPU
	EndGlobalSection
	GlobalSection(SolutionProperties) = preSolution
		HideSolutionNode = FALSE
	EndGlobalSection
	GlobalSection(ExtensibilityGlobals) = postSolution
		SolutionGuid = {C2453E1A-801C-4595-A84E-75A1A98C378F}
	EndGlobalSection
EndGlobal
